
Microsoft Visual Studio Solution File, Format Version 12.00
# Visual Studio 15
VisualStudioVersion = 15.0.28307.421
MinimumVisualStudioVersion = 10.0.40219.1
Project("{FAE04EC0-301F-11D3-BF4B-00C04F79EFBC}") = "CounterFunctions", "CounterFunctions\CounterFunctions.csproj", "{0AADAD83-045B-4209-9E78-0DF5BBA08FE8}"
EndProject
Global
	GlobalSection(SolutionConfigurationPlatforms) = preSolution
		Debug|Any CPU = Debug|Any CPU
		Release|Any CPU = Release|Any CPU
	EndGlobalSection
	GlobalSection(ProjectConfigurationPlatforms) = postSolution
		{0AADAD83-045B-4209-9E78-0DF5BBA08FE8}.Debug|Any CPU.ActiveCfg = Debug|Any CPU
		{0AADAD83-045B-4209-9E78-0DF5BBA08FE8}.Debug|Any CPU.Build.0 = Debug|Any CPU
		{0AADAD83-045B-4209-9E78-0DF5BBA08FE8}.Release|Any CPU.ActiveCfg = Release|Any CPU
		{0AADAD83-045B-4209-9E78-0DF5BBA08FE8}.Release|Any CPU.Build.0 = Release|Any CPU
	EndGlobalSection
	GlobalSection(SolutionProperties) = preSolution
		HideSolutionNode = FALSE
	EndGlobalSection
	GlobalSection(ExtensibilityGlobals) = postSolution
		SolutionGuid = {335AAFD7-34D9-4EE1-BF8D-C1637DD4C641}
	EndGlobalSection
EndGlobal
