
Microsoft Visual Studio Solution File, Format Version 12.00
# Visual Studio 15
VisualStudioVersion = 15.0.28307.489
MinimumVisualStudioVersion = 10.0.40219.1
Project("{FAE04EC0-301F-11D3-BF4B-00C04F79EFBC}") = "CounterApp.Android", "CounterApp\CounterApp.Android\CounterApp.Android.csproj", "{B6CFE85F-7C6F-4E4F-A096-286DBBE8C650}"
EndProject
Project("{FAE04EC0-301F-11D3-BF4B-00C04F79EFBC}") = "CounterApp.iOS", "CounterApp\CounterApp.iOS\CounterApp.iOS.csproj", "{C9FECBC2-539C-4D47-AAC5-625418BB1FC1}"
EndProject
Project("{FAE04EC0-301F-11D3-BF4B-00C04F79EFBC}") = "CounterApp.UWP", "CounterApp\CounterApp.UWP\CounterApp.UWP.csproj", "{CF939CD4-4C9F-4E45-9CAD-871C8013E525}"
EndProject
Project("{FAE04EC0-301F-11D3-BF4B-00C04F79EFBC}") = "CounterApp", "CounterApp\CounterApp\CounterApp.csproj", "{BDAC1420-3077-4C40-8042-252CE76D81A9}"
EndProject
Global
	GlobalSection(SolutionConfigurationPlatforms) = preSolution
		Ad-Hoc|Any CPU = Ad-Hoc|Any CPU
		Ad-Hoc|ARM = Ad-Hoc|ARM
		Ad-Hoc|iPhone = Ad-Hoc|iPhone
		Ad-Hoc|iPhoneSimulator = Ad-Hoc|iPhoneSimulator
		Ad-Hoc|x64 = Ad-Hoc|x64
		Ad-Hoc|x86 = Ad-Hoc|x86
		AppStore|Any CPU = AppStore|Any CPU
		AppStore|ARM = AppStore|ARM
		AppStore|iPhone = AppStore|iPhone
		AppStore|iPhoneSimulator = AppStore|iPhoneSimulator
		AppStore|x64 = AppStore|x64
		AppStore|x86 = AppStore|x86
		Debug|Any CPU = Debug|Any CPU
		Debug|ARM = Debug|ARM
		Debug|iPhone = Debug|iPhone
		Debug|iPhoneSimulator = Debug|iPhoneSimulator
		Debug|x64 = Debug|x64
		Debug|x86 = Debug|x86
		Release|Any CPU = Release|Any CPU
		Release|ARM = Release|ARM
		Release|iPhone = Release|iPhone
		Release|iPhoneSimulator = Release|iPhoneSimulator
		Release|x64 = Release|x64
		Release|x86 = Release|x86
	EndGlobalSection
	GlobalSection(ProjectConfigurationPlatforms) = postSolution
		{B6CFE85F-7C6F-4E4F-A096-286DBBE8C650}.Ad-Hoc|Any CPU.ActiveCfg = Release|Any CPU
		{B6CFE85F-7C6F-4E4F-A096-286DBBE8C650}.Ad-Hoc|Any CPU.Build.0 = Release|Any CPU
		{B6CFE85F-7C6F-4E4F-A096-286DBBE8C650}.Ad-Hoc|Any CPU.Deploy.0 = Release|Any CPU
		{B6CFE85F-7C6F-4E4F-A096-286DBBE8C650}.Ad-Hoc|ARM.ActiveCfg = Release|Any CPU
		{B6CFE85F-7C6F-4E4F-A096-286DBBE8C650}.Ad-Hoc|ARM.Build.0 = Release|Any CPU
		{B6CFE85F-7C6F-4E4F-A096-286DBBE8C650}.Ad-Hoc|ARM.Deploy.0 = Release|Any CPU
		{B6CFE85F-7C6F-4E4F-A096-286DBBE8C650}.Ad-Hoc|iPhone.ActiveCfg = Release|Any CPU
		{B6CFE85F-7C6F-4E4F-A096-286DBBE8C650}.Ad-Hoc|iPhone.Build.0 = Release|Any CPU
		{B6CFE85F-7C6F-4E4F-A096-286DBBE8C650}.Ad-Hoc|iPhone.Deploy.0 = Release|Any CPU
		{B6CFE85F-7C6F-4E4F-A096-286DBBE8C650}.Ad-Hoc|iPhoneSimulator.ActiveCfg = Release|Any CPU
		{B6CFE85F-7C6F-4E4F-A096-286DBBE8C650}.Ad-Hoc|iPhoneSimulator.Build.0 = Release|Any CPU
		{B6CFE85F-7C6F-4E4F-A096-286DBBE8C650}.Ad-Hoc|iPhoneSimulator.Deploy.0 = Release|Any CPU
		{B6CFE85F-7C6F-4E4F-A096-286DBBE8C650}.Ad-Hoc|x64.ActiveCfg = Release|Any CPU
		{B6CFE85F-7C6F-4E4F-A096-286DBBE8C650}.Ad-Hoc|x64.Build.0 = Release|Any CPU
		{B6CFE85F-7C6F-4E4F-A096-286DBBE8C650}.Ad-Hoc|x64.Deploy.0 = Release|Any CPU
		{B6CFE85F-7C6F-4E4F-A096-286DBBE8C650}.Ad-Hoc|x86.ActiveCfg = Release|Any CPU
		{B6CFE85F-7C6F-4E4F-A096-286DBBE8C650}.Ad-Hoc|x86.Build.0 = Release|Any CPU
		{B6CFE85F-7C6F-4E4F-A096-286DBBE8C650}.Ad-Hoc|x86.Deploy.0 = Release|Any CPU
		{B6CFE85F-7C6F-4E4F-A096-286DBBE8C650}.AppStore|Any CPU.ActiveCfg = Release|Any CPU
		{B6CFE85F-7C6F-4E4F-A096-286DBBE8C650}.AppStore|Any CPU.Build.0 = Release|Any CPU
		{B6CFE85F-7C6F-4E4F-A096-286DBBE8C650}.AppStore|Any CPU.Deploy.0 = Release|Any CPU
		{B6CFE85F-7C6F-4E4F-A096-286DBBE8C650}.AppStore|ARM.ActiveCfg = Release|Any CPU
		{B6CFE85F-7C6F-4E4F-A096-286DBBE8C650}.AppStore|ARM.Build.0 = Release|Any CPU
		{B6CFE85F-7C6F-4E4F-A096-286DBBE8C650}.AppStore|ARM.Deploy.0 = Release|Any CPU
		{B6CFE85F-7C6F-4E4F-A096-286DBBE8C650}.AppStore|iPhone.ActiveCfg = Release|Any CPU
		{B6CFE85F-7C6F-4E4F-A096-286DBBE8C650}.AppStore|iPhone.Build.0 = Release|Any CPU
		{B6CFE85F-7C6F-4E4F-A096-286DBBE8C650}.AppStore|iPhone.Deploy.0 = Release|Any CPU
		{B6CFE85F-7C6F-4E4F-A096-286DBBE8C650}.AppStore|iPhoneSimulator.ActiveCfg = Release|Any CPU
		{B6CFE85F-7C6F-4E4F-A096-286DBBE8C650}.AppStore|iPhoneSimulator.Build.0 = Release|Any CPU
		{B6CFE85F-7C6F-4E4F-A096-286DBBE8C650}.AppStore|iPhoneSimulator.Deploy.0 = Release|Any CPU
		{B6CFE85F-7C6F-4E4F-A096-286DBBE8C650}.AppStore|x64.ActiveCfg = Release|Any CPU
		{B6CFE85F-7C6F-4E4F-A096-286DBBE8C650}.AppStore|x64.Build.0 = Release|Any CPU
		{B6CFE85F-7C6F-4E4F-A096-286DBBE8C650}.AppStore|x64.Deploy.0 = Release|Any CPU
		{B6CFE85F-7C6F-4E4F-A096-286DBBE8C650}.AppStore|x86.ActiveCfg = Release|Any CPU
		{B6CFE85F-7C6F-4E4F-A096-286DBBE8C650}.AppStore|x86.Build.0 = Release|Any CPU
		{B6CFE85F-7C6F-4E4F-A096-286DBBE8C650}.AppStore|x86.Deploy.0 = Release|Any CPU
		{B6CFE85F-7C6F-4E4F-A096-286DBBE8C650}.Debug|Any CPU.ActiveCfg = Debug|Any CPU
		{B6CFE85F-7C6F-4E4F-A096-286DBBE8C650}.Debug|Any CPU.Build.0 = Debug|Any CPU
		{B6CFE85F-7C6F-4E4F-A096-286DBBE8C650}.Debug|Any CPU.Deploy.0 = Debug|Any CPU
		{B6CFE85F-7C6F-4E4F-A096-286DBBE8C650}.Debug|ARM.ActiveCfg = Debug|Any CPU
		{B6CFE85F-7C6F-4E4F-A096-286DBBE8C650}.Debug|ARM.Build.0 = Debug|Any CPU
		{B6CFE85F-7C6F-4E4F-A096-286DBBE8C650}.Debug|ARM.Deploy.0 = Debug|Any CPU
		{B6CFE85F-7C6F-4E4F-A096-286DBBE8C650}.Debug|iPhone.ActiveCfg = Debug|Any CPU
		{B6CFE85F-7C6F-4E4F-A096-286DBBE8C650}.Debug|iPhone.Build.0 = Debug|Any CPU
		{B6CFE85F-7C6F-4E4F-A096-286DBBE8C650}.Debug|iPhone.Deploy.0 = Debug|Any CPU
		{B6CFE85F-7C6F-4E4F-A096-286DBBE8C650}.Debug|iPhoneSimulator.ActiveCfg = Debug|Any CPU
		{B6CFE85F-7C6F-4E4F-A096-286DBBE8C650}.Debug|iPhoneSimulator.Build.0 = Debug|Any CPU
		{B6CFE85F-7C6F-4E4F-A096-286DBBE8C650}.Debug|iPhoneSimulator.Deploy.0 = Debug|Any CPU
		{B6CFE85F-7C6F-4E4F-A096-286DBBE8C650}.Debug|x64.ActiveCfg = Debug|Any CPU
		{B6CFE85F-7C6F-4E4F-A096-286DBBE8C650}.Debug|x64.Build.0 = Debug|Any CPU
		{B6CFE85F-7C6F-4E4F-A096-286DBBE8C650}.Debug|x64.Deploy.0 = Debug|Any CPU
		{B6CFE85F-7C6F-4E4F-A096-286DBBE8C650}.Debug|x86.ActiveCfg = Debug|Any CPU
		{B6CFE85F-7C6F-4E4F-A096-286DBBE8C650}.Debug|x86.Build.0 = Debug|Any CPU
		{B6CFE85F-7C6F-4E4F-A096-286DBBE8C650}.Debug|x86.Deploy.0 = Debug|Any CPU
		{B6CFE85F-7C6F-4E4F-A096-286DBBE8C650}.Release|Any CPU.ActiveCfg = Release|Any CPU
		{B6CFE85F-7C6F-4E4F-A096-286DBBE8C650}.Release|Any CPU.Build.0 = Release|Any CPU
		{B6CFE85F-7C6F-4E4F-A096-286DBBE8C650}.Release|Any CPU.Deploy.0 = Release|Any CPU
		{B6CFE85F-7C6F-4E4F-A096-286DBBE8C650}.Release|ARM.ActiveCfg = Release|Any CPU
		{B6CFE85F-7C6F-4E4F-A096-286DBBE8C650}.Release|ARM.Build.0 = Release|Any CPU
		{B6CFE85F-7C6F-4E4F-A096-286DBBE8C650}.Release|ARM.Deploy.0 = Release|Any CPU
		{B6CFE85F-7C6F-4E4F-A096-286DBBE8C650}.Release|iPhone.ActiveCfg = Release|Any CPU
		{B6CFE85F-7C6F-4E4F-A096-286DBBE8C650}.Release|iPhone.Build.0 = Release|Any CPU
		{B6CFE85F-7C6F-4E4F-A096-286DBBE8C650}.Release|iPhone.Deploy.0 = Release|Any CPU
		{B6CFE85F-7C6F-4E4F-A096-286DBBE8C650}.Release|iPhoneSimulator.ActiveCfg = Release|Any CPU
		{B6CFE85F-7C6F-4E4F-A096-286DBBE8C650}.Release|iPhoneSimulator.Build.0 = Release|Any CPU
		{B6CFE85F-7C6F-4E4F-A096-286DBBE8C650}.Release|iPhoneSimulator.Deploy.0 = Release|Any CPU
		{B6CFE85F-7C6F-4E4F-A096-286DBBE8C650}.Release|x64.ActiveCfg = Release|Any CPU
		{B6CFE85F-7C6F-4E4F-A096-286DBBE8C650}.Release|x64.Build.0 = Release|Any CPU
		{B6CFE85F-7C6F-4E4F-A096-286DBBE8C650}.Release|x64.Deploy.0 = Release|Any CPU
		{B6CFE85F-7C6F-4E4F-A096-286DBBE8C650}.Release|x86.ActiveCfg = Release|Any CPU
		{B6CFE85F-7C6F-4E4F-A096-286DBBE8C650}.Release|x86.Build.0 = Release|Any CPU
		{B6CFE85F-7C6F-4E4F-A096-286DBBE8C650}.Release|x86.Deploy.0 = Release|Any CPU
		{C9FECBC2-539C-4D47-AAC5-625418BB1FC1}.Ad-Hoc|Any CPU.ActiveCfg = Ad-Hoc|iPhone
		{C9FECBC2-539C-4D47-AAC5-625418BB1FC1}.Ad-Hoc|Any CPU.Build.0 = Ad-Hoc|iPhone
		{C9FECBC2-539C-4D47-AAC5-625418BB1FC1}.Ad-Hoc|Any CPU.Deploy.0 = Ad-Hoc|iPhone
		{C9FECBC2-539C-4D47-AAC5-625418BB1FC1}.Ad-Hoc|ARM.ActiveCfg = Ad-Hoc|iPhone
		{C9FECBC2-539C-4D47-AAC5-625418BB1FC1}.Ad-Hoc|ARM.Build.0 = Ad-Hoc|iPhone
		{C9FECBC2-539C-4D47-AAC5-625418BB1FC1}.Ad-Hoc|ARM.Deploy.0 = Ad-Hoc|iPhone
		{C9FECBC2-539C-4D47-AAC5-625418BB1FC1}.Ad-Hoc|iPhone.ActiveCfg = Ad-Hoc|iPhone
		{C9FECBC2-539C-4D47-AAC5-625418BB1FC1}.Ad-Hoc|iPhone.Build.0 = Ad-Hoc|iPhone
		{C9FECBC2-539C-4D47-AAC5-625418BB1FC1}.Ad-Hoc|iPhone.Deploy.0 = Ad-Hoc|iPhone
		{C9FECBC2-539C-4D47-AAC5-625418BB1FC1}.Ad-Hoc|iPhoneSimulator.ActiveCfg = Ad-Hoc|iPhoneSimulator
		{C9FECBC2-539C-4D47-AAC5-625418BB1FC1}.Ad-Hoc|iPhoneSimulator.Build.0 = Ad-Hoc|iPhoneSimulator
		{C9FECBC2-539C-4D47-AAC5-625418BB1FC1}.Ad-Hoc|iPhoneSimulator.Deploy.0 = Ad-Hoc|iPhoneSimulator
		{C9FECBC2-539C-4D47-AAC5-625418BB1FC1}.Ad-Hoc|x64.ActiveCfg = Ad-Hoc|iPhone
		{C9FECBC2-539C-4D47-AAC5-625418BB1FC1}.Ad-Hoc|x64.Build.0 = Ad-Hoc|iPhone
		{C9FECBC2-539C-4D47-AAC5-625418BB1FC1}.Ad-Hoc|x64.Deploy.0 = Ad-Hoc|iPhone
		{C9FECBC2-539C-4D47-AAC5-625418BB1FC1}.Ad-Hoc|x86.ActiveCfg = Ad-Hoc|iPhone
		{C9FECBC2-539C-4D47-AAC5-625418BB1FC1}.Ad-Hoc|x86.Build.0 = Ad-Hoc|iPhone
		{C9FECBC2-539C-4D47-AAC5-625418BB1FC1}.Ad-Hoc|x86.Deploy.0 = Ad-Hoc|iPhone
		{C9FECBC2-539C-4D47-AAC5-625418BB1FC1}.AppStore|Any CPU.ActiveCfg = AppStore|iPhone
		{C9FECBC2-539C-4D47-AAC5-625418BB1FC1}.AppStore|Any CPU.Build.0 = AppStore|iPhone
		{C9FECBC2-539C-4D47-AAC5-625418BB1FC1}.AppStore|Any CPU.Deploy.0 = AppStore|iPhone
		{C9FECBC2-539C-4D47-AAC5-625418BB1FC1}.AppStore|ARM.ActiveCfg = AppStore|iPhone
		{C9FECBC2-539C-4D47-AAC5-625418BB1FC1}.AppStore|ARM.Build.0 = AppStore|iPhone
		{C9FECBC2-539C-4D47-AAC5-625418BB1FC1}.AppStore|ARM.Deploy.0 = AppStore|iPhone
		{C9FECBC2-539C-4D47-AAC5-625418BB1FC1}.AppStore|iPhone.ActiveCfg = AppStore|iPhone
		{C9FECBC2-539C-4D47-AAC5-625418BB1FC1}.AppStore|iPhone.Build.0 = AppStore|iPhone
		{C9FECBC2-539C-4D47-AAC5-625418BB1FC1}.AppStore|iPhone.Deploy.0 = AppStore|iPhone
		{C9FECBC2-539C-4D47-AAC5-625418BB1FC1}.AppStore|iPhoneSimulator.ActiveCfg = AppStore|iPhoneSimulator
		{C9FECBC2-539C-4D47-AAC5-625418BB1FC1}.AppStore|iPhoneSimulator.Build.0 = AppStore|iPhoneSimulator
		{C9FECBC2-539C-4D47-AAC5-625418BB1FC1}.AppStore|iPhoneSimulator.Deploy.0 = AppStore|iPhoneSimulator
		{C9FECBC2-539C-4D47-AAC5-625418BB1FC1}.AppStore|x64.ActiveCfg = AppStore|iPhone
		{C9FECBC2-539C-4D47-AAC5-625418BB1FC1}.AppStore|x64.Build.0 = AppStore|iPhone
		{C9FECBC2-539C-4D47-AAC5-625418BB1FC1}.AppStore|x64.Deploy.0 = AppStore|iPhone
		{C9FECBC2-539C-4D47-AAC5-625418BB1FC1}.AppStore|x86.ActiveCfg = AppStore|iPhone
		{C9FECBC2-539C-4D47-AAC5-625418BB1FC1}.AppStore|x86.Build.0 = AppStore|iPhone
		{C9FECBC2-539C-4D47-AAC5-625418BB1FC1}.AppStore|x86.Deploy.0 = AppStore|iPhone
		{C9FECBC2-539C-4D47-AAC5-625418BB1FC1}.Debug|Any CPU.ActiveCfg = Debug|iPhoneSimulator
		{C9FECBC2-539C-4D47-AAC5-625418BB1FC1}.Debug|Any CPU.Build.0 = Debug|iPhoneSimulator
		{C9FECBC2-539C-4D47-AAC5-625418BB1FC1}.Debug|Any CPU.Deploy.0 = Debug|iPhoneSimulator
		{C9FECBC2-539C-4D47-AAC5-625418BB1FC1}.Debug|ARM.ActiveCfg = Debug|iPhone
		{C9FECBC2-539C-4D47-AAC5-625418BB1FC1}.Debug|ARM.Build.0 = Debug|iPhone
		{C9FECBC2-539C-4D47-AAC5-625418BB1FC1}.Debug|ARM.Deploy.0 = Debug|iPhone
		{C9FECBC2-539C-4D47-AAC5-625418BB1FC1}.Debug|iPhone.ActiveCfg = Debug|iPhone
		{C9FECBC2-539C-4D47-AAC5-625418BB1FC1}.Debug|iPhone.Build.0 = Debug|iPhone
		{C9FECBC2-539C-4D47-AAC5-625418BB1FC1}.Debug|iPhone.Deploy.0 = Debug|iPhone
		{C9FECBC2-539C-4D47-AAC5-625418BB1FC1}.Debug|iPhoneSimulator.ActiveCfg = Debug|iPhoneSimulator
		{C9FECBC2-539C-4D47-AAC5-625418BB1FC1}.Debug|iPhoneSimulator.Build.0 = Debug|iPhoneSimulator
		{C9FECBC2-539C-4D47-AAC5-625418BB1FC1}.Debug|iPhoneSimulator.Deploy.0 = Debug|iPhoneSimulator
		{C9FECBC2-539C-4D47-AAC5-625418BB1FC1}.Debug|x64.ActiveCfg = Debug|iPhone
		{C9FECBC2-539C-4D47-AAC5-625418BB1FC1}.Debug|x64.Build.0 = Debug|iPhone
		{C9FECBC2-539C-4D47-AAC5-625418BB1FC1}.Debug|x64.Deploy.0 = Debug|iPhone
		{C9FECBC2-539C-4D47-AAC5-625418BB1FC1}.Debug|x86.ActiveCfg = Debug|iPhone
		{C9FECBC2-539C-4D47-AAC5-625418BB1FC1}.Debug|x86.Build.0 = Debug|iPhone
		{C9FECBC2-539C-4D47-AAC5-625418BB1FC1}.Debug|x86.Deploy.0 = Debug|iPhone
		{C9FECBC2-539C-4D47-AAC5-625418BB1FC1}.Release|Any CPU.ActiveCfg = Release|iPhone
		{C9FECBC2-539C-4D47-AAC5-625418BB1FC1}.Release|Any CPU.Build.0 = Release|iPhone
		{C9FECBC2-539C-4D47-AAC5-625418BB1FC1}.Release|Any CPU.Deploy.0 = Release|iPhone
		{C9FECBC2-539C-4D47-AAC5-625418BB1FC1}.Release|ARM.ActiveCfg = Release|iPhone
		{C9FECBC2-539C-4D47-AAC5-625418BB1FC1}.Release|ARM.Build.0 = Release|iPhone
		{C9FECBC2-539C-4D47-AAC5-625418BB1FC1}.Release|ARM.Deploy.0 = Release|iPhone
		{C9FECBC2-539C-4D47-AAC5-625418BB1FC1}.Release|iPhone.ActiveCfg = Release|iPhone
		{C9FECBC2-539C-4D47-AAC5-625418BB1FC1}.Release|iPhone.Build.0 = Release|iPhone
		{C9FECBC2-539C-4D47-AAC5-625418BB1FC1}.Release|iPhone.Deploy.0 = Release|iPhone
		{C9FECBC2-539C-4D47-AAC5-625418BB1FC1}.Release|iPhoneSimulator.ActiveCfg = Release|iPhoneSimulator
		{C9FECBC2-539C-4D47-AAC5-625418BB1FC1}.Release|iPhoneSimulator.Build.0 = Release|iPhoneSimulator
		{C9FECBC2-539C-4D47-AAC5-625418BB1FC1}.Release|iPhoneSimulator.Deploy.0 = Release|iPhoneSimulator
		{C9FECBC2-539C-4D47-AAC5-625418BB1FC1}.Release|x64.ActiveCfg = Release|iPhone
		{C9FECBC2-539C-4D47-AAC5-625418BB1FC1}.Release|x64.Build.0 = Release|iPhone
		{C9FECBC2-539C-4D47-AAC5-625418BB1FC1}.Release|x64.Deploy.0 = Release|iPhone
		{C9FECBC2-539C-4D47-AAC5-625418BB1FC1}.Release|x86.ActiveCfg = Release|iPhone
		{C9FECBC2-539C-4D47-AAC5-625418BB1FC1}.Release|x86.Build.0 = Release|iPhone
		{C9FECBC2-539C-4D47-AAC5-625418BB1FC1}.Release|x86.Deploy.0 = Release|iPhone
		{CF939CD4-4C9F-4E45-9CAD-871C8013E525}.Ad-Hoc|Any CPU.ActiveCfg = Release|x86
		{CF939CD4-4C9F-4E45-9CAD-871C8013E525}.Ad-Hoc|Any CPU.Build.0 = Release|x86
		{CF939CD4-4C9F-4E45-9CAD-871C8013E525}.Ad-Hoc|Any CPU.Deploy.0 = Release|x86
		{CF939CD4-4C9F-4E45-9CAD-871C8013E525}.Ad-Hoc|ARM.ActiveCfg = Release|ARM
		{CF939CD4-4C9F-4E45-9CAD-871C8013E525}.Ad-Hoc|ARM.Build.0 = Release|ARM
		{CF939CD4-4C9F-4E45-9CAD-871C8013E525}.Ad-Hoc|ARM.Deploy.0 = Release|ARM
		{CF939CD4-4C9F-4E45-9CAD-871C8013E525}.Ad-Hoc|iPhone.ActiveCfg = Release|x86
		{CF939CD4-4C9F-4E45-9CAD-871C8013E525}.Ad-Hoc|iPhone.Build.0 = Release|x86
		{CF939CD4-4C9F-4E45-9CAD-871C8013E525}.Ad-Hoc|iPhone.Deploy.0 = Release|x86
		{CF939CD4-4C9F-4E45-9CAD-871C8013E525}.Ad-Hoc|iPhoneSimulator.ActiveCfg = Release|x86
		{CF939CD4-4C9F-4E45-9CAD-871C8013E525}.Ad-Hoc|iPhoneSimulator.Build.0 = Release|x86
		{CF939CD4-4C9F-4E45-9CAD-871C8013E525}.Ad-Hoc|iPhoneSimulator.Deploy.0 = Release|x86
		{CF939CD4-4C9F-4E45-9CAD-871C8013E525}.Ad-Hoc|x64.ActiveCfg = Release|x64
		{CF939CD4-4C9F-4E45-9CAD-871C8013E525}.Ad-Hoc|x64.Build.0 = Release|x64
		{CF939CD4-4C9F-4E45-9CAD-871C8013E525}.Ad-Hoc|x64.Deploy.0 = Release|x64
		{CF939CD4-4C9F-4E45-9CAD-871C8013E525}.Ad-Hoc|x86.ActiveCfg = Release|x86
		{CF939CD4-4C9F-4E45-9CAD-871C8013E525}.Ad-Hoc|x86.Build.0 = Release|x86
		{CF939CD4-4C9F-4E45-9CAD-871C8013E525}.Ad-Hoc|x86.Deploy.0 = Release|x86
		{CF939CD4-4C9F-4E45-9CAD-871C8013E525}.AppStore|Any CPU.ActiveCfg = Release|x86
		{CF939CD4-4C9F-4E45-9CAD-871C8013E525}.AppStore|Any CPU.Build.0 = Release|x86
		{CF939CD4-4C9F-4E45-9CAD-871C8013E525}.AppStore|Any CPU.Deploy.0 = Release|x86
		{CF939CD4-4C9F-4E45-9CAD-871C8013E525}.AppStore|ARM.ActiveCfg = Release|ARM
		{CF939CD4-4C9F-4E45-9CAD-871C8013E525}.AppStore|ARM.Build.0 = Release|ARM
		{CF939CD4-4C9F-4E45-9CAD-871C8013E525}.AppStore|ARM.Deploy.0 = Release|ARM
		{CF939CD4-4C9F-4E45-9CAD-871C8013E525}.AppStore|iPhone.ActiveCfg = Release|x86
		{CF939CD4-4C9F-4E45-9CAD-871C8013E525}.AppStore|iPhone.Build.0 = Release|x86
		{CF939CD4-4C9F-4E45-9CAD-871C8013E525}.AppStore|iPhone.Deploy.0 = Release|x86
		{CF939CD4-4C9F-4E45-9CAD-871C8013E525}.AppStore|iPhoneSimulator.ActiveCfg = Release|x86
		{CF939CD4-4C9F-4E45-9CAD-871C8013E525}.AppStore|iPhoneSimulator.Build.0 = Release|x86
		{CF939CD4-4C9F-4E45-9CAD-871C8013E525}.AppStore|iPhoneSimulator.Deploy.0 = Release|x86
		{CF939CD4-4C9F-4E45-9CAD-871C8013E525}.AppStore|x64.ActiveCfg = Release|x64
		{CF939CD4-4C9F-4E45-9CAD-871C8013E525}.AppStore|x64.Build.0 = Release|x64
		{CF939CD4-4C9F-4E45-9CAD-871C8013E525}.AppStore|x64.Deploy.0 = Release|x64
		{CF939CD4-4C9F-4E45-9CAD-871C8013E525}.AppStore|x86.ActiveCfg = Release|x86
		{CF939CD4-4C9F-4E45-9CAD-871C8013E525}.AppStore|x86.Build.0 = Release|x86
		{CF939CD4-4C9F-4E45-9CAD-871C8013E525}.AppStore|x86.Deploy.0 = Release|x86
		{CF939CD4-4C9F-4E45-9CAD-871C8013E525}.Debug|Any CPU.ActiveCfg = Debug|x86
		{CF939CD4-4C9F-4E45-9CAD-871C8013E525}.Debug|Any CPU.Build.0 = Debug|x86
		{CF939CD4-4C9F-4E45-9CAD-871C8013E525}.Debug|Any CPU.Deploy.0 = Debug|x86
		{CF939CD4-4C9F-4E45-9CAD-871C8013E525}.Debug|ARM.ActiveCfg = Debug|ARM
		{CF939CD4-4C9F-4E45-9CAD-871C8013E525}.Debug|ARM.Build.0 = Debug|ARM
		{CF939CD4-4C9F-4E45-9CAD-871C8013E525}.Debug|ARM.Deploy.0 = Debug|ARM
		{CF939CD4-4C9F-4E45-9CAD-871C8013E525}.Debug|iPhone.ActiveCfg = Debug|x86
		{CF939CD4-4C9F-4E45-9CAD-871C8013E525}.Debug|iPhone.Build.0 = Debug|x86
		{CF939CD4-4C9F-4E45-9CAD-871C8013E525}.Debug|iPhone.Deploy.0 = Debug|x86
		{CF939CD4-4C9F-4E45-9CAD-871C8013E525}.Debug|iPhoneSimulator.ActiveCfg = Debug|x86
		{CF939CD4-4C9F-4E45-9CAD-871C8013E525}.Debug|iPhoneSimulator.Build.0 = Debug|x86
		{CF939CD4-4C9F-4E45-9CAD-871C8013E525}.Debug|iPhoneSimulator.Deploy.0 = Debug|x86
		{CF939CD4-4C9F-4E45-9CAD-871C8013E525}.Debug|x64.ActiveCfg = Debug|x64
		{CF939CD4-4C9F-4E45-9CAD-871C8013E525}.Debug|x64.Build.0 = Debug|x64
		{CF939CD4-4C9F-4E45-9CAD-871C8013E525}.Debug|x64.Deploy.0 = Debug|x64
		{CF939CD4-4C9F-4E45-9CAD-871C8013E525}.Debug|x86.ActiveCfg = Debug|x86
		{CF939CD4-4C9F-4E45-9CAD-871C8013E525}.Debug|x86.Build.0 = Debug|x86
		{CF939CD4-4C9F-4E45-9CAD-871C8013E525}.Debug|x86.Deploy.0 = Debug|x86
		{CF939CD4-4C9F-4E45-9CAD-871C8013E525}.Release|Any CPU.ActiveCfg = Release|x86
		{CF939CD4-4C9F-4E45-9CAD-871C8013E525}.Release|Any CPU.Build.0 = Release|x86
		{CF939CD4-4C9F-4E45-9CAD-871C8013E525}.Release|Any CPU.Deploy.0 = Release|x86
		{CF939CD4-4C9F-4E45-9CAD-871C8013E525}.Release|ARM.ActiveCfg = Release|ARM
		{CF939CD4-4C9F-4E45-9CAD-871C8013E525}.Release|ARM.Build.0 = Release|ARM
		{CF939CD4-4C9F-4E45-9CAD-871C8013E525}.Release|ARM.Deploy.0 = Release|ARM
		{CF939CD4-4C9F-4E45-9CAD-871C8013E525}.Release|iPhone.ActiveCfg = Release|x86
		{CF939CD4-4C9F-4E45-9CAD-871C8013E525}.Release|iPhone.Build.0 = Release|x86
		{CF939CD4-4C9F-4E45-9CAD-871C8013E525}.Release|iPhone.Deploy.0 = Release|x86
		{CF939CD4-4C9F-4E45-9CAD-871C8013E525}.Release|iPhoneSimulator.ActiveCfg = Release|x86
		{CF939CD4-4C9F-4E45-9CAD-871C8013E525}.Release|iPhoneSimulator.Build.0 = Release|x86
		{CF939CD4-4C9F-4E45-9CAD-871C8013E525}.Release|iPhoneSimulator.Deploy.0 = Release|x86
		{CF939CD4-4C9F-4E45-9CAD-871C8013E525}.Release|x64.ActiveCfg = Release|x64
		{CF939CD4-4C9F-4E45-9CAD-871C8013E525}.Release|x64.Build.0 = Release|x64
		{CF939CD4-4C9F-4E45-9CAD-871C8013E525}.Release|x64.Deploy.0 = Release|x64
		{CF939CD4-4C9F-4E45-9CAD-871C8013E525}.Release|x86.ActiveCfg = Release|x86
		{CF939CD4-4C9F-4E45-9CAD-871C8013E525}.Release|x86.Build.0 = Release|x86
		{CF939CD4-4C9F-4E45-9CAD-871C8013E525}.Release|x86.Deploy.0 = Release|x86
		{BDAC1420-3077-4C40-8042-252CE76D81A9}.Ad-Hoc|Any CPU.ActiveCfg = Debug|Any CPU
		{BDAC1420-3077-4C40-8042-252CE76D81A9}.Ad-Hoc|Any CPU.Build.0 = Debug|Any CPU
		{BDAC1420-3077-4C40-8042-252CE76D81A9}.Ad-Hoc|Any CPU.Deploy.0 = Debug|Any CPU
		{BDAC1420-3077-4C40-8042-252CE76D81A9}.Ad-Hoc|ARM.ActiveCfg = Debug|Any CPU
		{BDAC1420-3077-4C40-8042-252CE76D81A9}.Ad-Hoc|ARM.Build.0 = Debug|Any CPU
		{BDAC1420-3077-4C40-8042-252CE76D81A9}.Ad-Hoc|ARM.Deploy.0 = Debug|Any CPU
		{BDAC1420-3077-4C40-8042-252CE76D81A9}.Ad-Hoc|iPhone.ActiveCfg = Debug|Any CPU
		{BDAC1420-3077-4C40-8042-252CE76D81A9}.Ad-Hoc|iPhone.Build.0 = Debug|Any CPU
		{BDAC1420-3077-4C40-8042-252CE76D81A9}.Ad-Hoc|iPhone.Deploy.0 = Debug|Any CPU
		{BDAC1420-3077-4C40-8042-252CE76D81A9}.Ad-Hoc|iPhoneSimulator.ActiveCfg = Debug|Any CPU
		{BDAC1420-3077-4C40-8042-252CE76D81A9}.Ad-Hoc|iPhoneSimulator.Build.0 = Debug|Any CPU
		{BDAC1420-3077-4C40-8042-252CE76D81A9}.Ad-Hoc|iPhoneSimulator.Deploy.0 = Debug|Any CPU
		{BDAC1420-3077-4C40-8042-252CE76D81A9}.Ad-Hoc|x64.ActiveCfg = Debug|Any CPU
		{BDAC1420-3077-4C40-8042-252CE76D81A9}.Ad-Hoc|x64.Build.0 = Debug|Any CPU
		{BDAC1420-3077-4C40-8042-252CE76D81A9}.Ad-Hoc|x64.Deploy.0 = Debug|Any CPU
		{BDAC1420-3077-4C40-8042-252CE76D81A9}.Ad-Hoc|x86.ActiveCfg = Debug|Any CPU
		{BDAC1420-3077-4C40-8042-252CE76D81A9}.Ad-Hoc|x86.Build.0 = Debug|Any CPU
		{BDAC1420-3077-4C40-8042-252CE76D81A9}.Ad-Hoc|x86.Deploy.0 = Debug|Any CPU
		{BDAC1420-3077-4C40-8042-252CE76D81A9}.AppStore|Any CPU.ActiveCfg = Debug|Any CPU
		{BDAC1420-3077-4C40-8042-252CE76D81A9}.AppStore|Any CPU.Build.0 = Debug|Any CPU
		{BDAC1420-3077-4C40-8042-252CE76D81A9}.AppStore|Any CPU.Deploy.0 = Debug|Any CPU
		{BDAC1420-3077-4C40-8042-252CE76D81A9}.AppStore|ARM.ActiveCfg = Debug|Any CPU
		{BDAC1420-3077-4C40-8042-252CE76D81A9}.AppStore|ARM.Build.0 = Debug|Any CPU
		{BDAC1420-3077-4C40-8042-252CE76D81A9}.AppStore|ARM.Deploy.0 = Debug|Any CPU
		{BDAC1420-3077-4C40-8042-252CE76D81A9}.AppStore|iPhone.ActiveCfg = Debug|Any CPU
		{BDAC1420-3077-4C40-8042-252CE76D81A9}.AppStore|iPhone.Build.0 = Debug|Any CPU
		{BDAC1420-3077-4C40-8042-252CE76D81A9}.AppStore|iPhone.Deploy.0 = Debug|Any CPU
		{BDAC1420-3077-4C40-8042-252CE76D81A9}.AppStore|iPhoneSimulator.ActiveCfg = Debug|Any CPU
		{BDAC1420-3077-4C40-8042-252CE76D81A9}.AppStore|iPhoneSimulator.Build.0 = Debug|Any CPU
		{BDAC1420-3077-4C40-8042-252CE76D81A9}.AppStore|iPhoneSimulator.Deploy.0 = Debug|Any CPU
		{BDAC1420-3077-4C40-8042-252CE76D81A9}.AppStore|x64.ActiveCfg = Debug|Any CPU
		{BDAC1420-3077-4C40-8042-252CE76D81A9}.AppStore|x64.Build.0 = Debug|Any CPU
		{BDAC1420-3077-4C40-8042-252CE76D81A9}.AppStore|x64.Deploy.0 = Debug|Any CPU
		{BDAC1420-3077-4C40-8042-252CE76D81A9}.AppStore|x86.ActiveCfg = Debug|Any CPU
		{BDAC1420-3077-4C40-8042-252CE76D81A9}.AppStore|x86.Build.0 = Debug|Any CPU
		{BDAC1420-3077-4C40-8042-252CE76D81A9}.AppStore|x86.Deploy.0 = Debug|Any CPU
		{BDAC1420-3077-4C40-8042-252CE76D81A9}.Debug|Any CPU.ActiveCfg = Debug|Any CPU
		{BDAC1420-3077-4C40-8042-252CE76D81A9}.Debug|Any CPU.Build.0 = Debug|Any CPU
		{BDAC1420-3077-4C40-8042-252CE76D81A9}.Debug|Any CPU.Deploy.0 = Debug|Any CPU
		{BDAC1420-3077-4C40-8042-252CE76D81A9}.Debug|ARM.ActiveCfg = Debug|Any CPU
		{BDAC1420-3077-4C40-8042-252CE76D81A9}.Debug|ARM.Build.0 = Debug|Any CPU
		{BDAC1420-3077-4C40-8042-252CE76D81A9}.Debug|ARM.Deploy.0 = Debug|Any CPU
		{BDAC1420-3077-4C40-8042-252CE76D81A9}.Debug|iPhone.ActiveCfg = Debug|Any CPU
		{BDAC1420-3077-4C40-8042-252CE76D81A9}.Debug|iPhone.Build.0 = Debug|Any CPU
		{BDAC1420-3077-4C40-8042-252CE76D81A9}.Debug|iPhone.Deploy.0 = Debug|Any CPU
		{BDAC1420-3077-4C40-8042-252CE76D81A9}.Debug|iPhoneSimulator.ActiveCfg = Debug|Any CPU
		{BDAC1420-3077-4C40-8042-252CE76D81A9}.Debug|iPhoneSimulator.Build.0 = Debug|Any CPU
		{BDAC1420-3077-4C40-8042-252CE76D81A9}.Debug|iPhoneSimulator.Deploy.0 = Debug|Any CPU
		{BDAC1420-3077-4C40-8042-252CE76D81A9}.Debug|x64.ActiveCfg = Debug|Any CPU
		{BDAC1420-3077-4C40-8042-252CE76D81A9}.Debug|x64.Build.0 = Debug|Any CPU
		{BDAC1420-3077-4C40-8042-252CE76D81A9}.Debug|x64.Deploy.0 = Debug|Any CPU
		{BDAC1420-3077-4C40-8042-252CE76D81A9}.Debug|x86.ActiveCfg = Debug|Any CPU
		{BDAC1420-3077-4C40-8042-252CE76D81A9}.Debug|x86.Build.0 = Debug|Any CPU
		{BDAC1420-3077-4C40-8042-252CE76D81A9}.Debug|x86.Deploy.0 = Debug|Any CPU
		{BDAC1420-3077-4C40-8042-252CE76D81A9}.Release|Any CPU.ActiveCfg = Release|Any CPU
		{BDAC1420-3077-4C40-8042-252CE76D81A9}.Release|Any CPU.Build.0 = Release|Any CPU
		{BDAC1420-3077-4C40-8042-252CE76D81A9}.Release|Any CPU.Deploy.0 = Release|Any CPU
		{BDAC1420-3077-4C40-8042-252CE76D81A9}.Release|ARM.ActiveCfg = Release|Any CPU
		{BDAC1420-3077-4C40-8042-252CE76D81A9}.Release|ARM.Build.0 = Release|Any CPU
		{BDAC1420-3077-4C40-8042-252CE76D81A9}.Release|ARM.Deploy.0 = Release|Any CPU
		{BDAC1420-3077-4C40-8042-252CE76D81A9}.Release|iPhone.ActiveCfg = Release|Any CPU
		{BDAC1420-3077-4C40-8042-252CE76D81A9}.Release|iPhone.Build.0 = Release|Any CPU
		{BDAC1420-3077-4C40-8042-252CE76D81A9}.Release|iPhone.Deploy.0 = Release|Any CPU
		{BDAC1420-3077-4C40-8042-252CE76D81A9}.Release|iPhoneSimulator.ActiveCfg = Release|Any CPU
		{BDAC1420-3077-4C40-8042-252CE76D81A9}.Release|iPhoneSimulator.Build.0 = Release|Any CPU
		{BDAC1420-3077-4C40-8042-252CE76D81A9}.Release|iPhoneSimulator.Deploy.0 = Release|Any CPU
		{BDAC1420-3077-4C40-8042-252CE76D81A9}.Release|x64.ActiveCfg = Release|Any CPU
		{BDAC1420-3077-4C40-8042-252CE76D81A9}.Release|x64.Build.0 = Release|Any CPU
		{BDAC1420-3077-4C40-8042-252CE76D81A9}.Release|x64.Deploy.0 = Release|Any CPU
		{BDAC1420-3077-4C40-8042-252CE76D81A9}.Release|x86.ActiveCfg = Release|Any CPU
		{BDAC1420-3077-4C40-8042-252CE76D81A9}.Release|x86.Build.0 = Release|Any CPU
		{BDAC1420-3077-4C40-8042-252CE76D81A9}.Release|x86.Deploy.0 = Release|Any CPU
	EndGlobalSection
	GlobalSection(SolutionProperties) = preSolution
		HideSolutionNode = FALSE
	EndGlobalSection
	GlobalSection(ExtensibilityGlobals) = postSolution
		SolutionGuid = {D44E9875-9A44-4BE8-80E7-28273CD8C1F7}
	EndGlobalSection
EndGlobal
